
Microsoft Visual Studio Solution File, Format Version 12.00
# Visual Studio Version 16
VisualStudioVersion = 16.0.30907.101
MinimumVisualStudioVersion = 10.0.40219.1
Project("{FAE04EC0-301F-11D3-BF4B-00C04F79EFBC}") = "Library.MsSqlDataAccess", "Library.MsSqlDataAccess\Library.MsSqlDataAccess.csproj", "{3D539677-AA68-4992-989B-39EB54925959}"
EndProject
Project("{FAE04EC0-301F-11D3-BF4B-00C04F79EFBC}") = "Library.MsSqlRepository", "Library.MsSqlRepository\Library.MsSqlRepository.csproj", "{EEDA7EA1-13B7-4DC1-8F5B-0978BD1AA10A}"
EndProject
Project("{2150E333-8FDC-42A3-9474-1A3956D46DE8}") = "Library", "Library", "{F53A0B21-70D6-4FA4-B4C1-580EB76CC821}"
EndProject
Project("{2150E333-8FDC-42A3-9474-1A3956D46DE8}") = "MsSql", "MsSql", "{45B1DD7C-5BC3-4D25-8009-9B78C27EE591}"
EndProject
Project("{2150E333-8FDC-42A3-9474-1A3956D46DE8}") = "Mongo", "Mongo", "{6BC84423-71B5-465D-9075-37D0BC4A2506}"
EndProject
Project("{FAE04EC0-301F-11D3-BF4B-00C04F79EFBC}") = "Library.MongoDocumentModel", "Library.MongoDocumentModel\Library.MongoDocumentModel.csproj", "{01763173-C00B-4C37-A63A-0ED16FA996C7}"
EndProject
Project("{FAE04EC0-301F-11D3-BF4B-00C04F79EFBC}") = "Library.MongoRepository", "Library.MongoRepository\Library.MongoRepository.csproj", "{7C03170A-797E-42AD-B898-0025158622AB}"
EndProject
Project("{FAE04EC0-301F-11D3-BF4B-00C04F79EFBC}") = "WebService.MailService", "WebService.MailService\WebService.MailService.csproj", "{5BEB04DD-C60F-4E49-AEDC-A71194DFADE2}"
EndProject
Project("{FAE04EC0-301F-11D3-BF4B-00C04F79EFBC}") = "WebService.FileService", "WebService.FileService\WebService.FileService.csproj", "{5A40F80A-5716-465B-B793-EB8011DED7D5}"
EndProject
Project("{FAE04EC0-301F-11D3-BF4B-00C04F79EFBC}") = "WebService.AuthService", "WebService.AuthService\WebService.AuthService.csproj", "{51E0BDB9-44CE-4A3A-A27E-1DFD6805E965}"
EndProject
Project("{2150E333-8FDC-42A3-9474-1A3956D46DE8}") = "WebService", "WebService", "{FD3355F4-10BE-486B-81FD-C2252305623F}"
EndProject
Project("{FAE04EC0-301F-11D3-BF4B-00C04F79EFBC}") = "Library.Helper", "Library.Helper\Library.Helper.csproj", "{C1FBC5C3-9218-464D-8517-29E5BAEC2F8E}"
EndProject
Project("{FAE04EC0-301F-11D3-BF4B-00C04F79EFBC}") = "Library.Model", "Library.Model\Library.Model.csproj", "{0CEBCF29-BF4D-44F0-9BBF-EAC0DD9B952B}"
EndProject
Project("{FAE04EC0-301F-11D3-BF4B-00C04F79EFBC}") = "WindowsService.MailProcess1", "WindowsService.MailProcess1\WindowsService.MailProcess1.csproj", "{8D517F9A-E847-4327-8245-EB15C592633D}"
EndProject
Project("{2150E333-8FDC-42A3-9474-1A3956D46DE8}") = "WindowsService", "WindowsService", "{E0BBE853-16EA-4EE9-856E-5AFD42A514E5}"
EndProject
Project("{FAE04EC0-301F-11D3-BF4B-00C04F79EFBC}") = "WindowsService.MailProcess2", "WindowsService.MailProcess2\WindowsService.MailProcess2.csproj", "{33A1FF4A-A599-48BA-87E4-796C6D95D11B}"
EndProject
Project("{FAE04EC0-301F-11D3-BF4B-00C04F79EFBC}") = "WindowsService.MailProcess3", "WindowsService.MailProcess3\WindowsService.MailProcess3.csproj", "{6BFEF7C0-0FB2-40BF-8EC9-543F4D49BEEC}"
EndProject
Project("{2150E333-8FDC-42A3-9474-1A3956D46DE8}") = "MailProcess", "MailProcess", "{942426B2-D0BC-4728-AA02-723EF95D1F8A}"
EndProject
Project("{2150E333-8FDC-42A3-9474-1A3956D46DE8}") = "FileProcess", "FileProcess", "{B11EA8AA-1DC0-4A2D-AE46-5B875BD58ADA}"
EndProject
Project("{FAE04EC0-301F-11D3-BF4B-00C04F79EFBC}") = "WindowsService.FileProcess1", "WindowsService.FileProcess1\WindowsService.FileProcess1.csproj", "{0A7E94E0-5550-4362-8F9A-FA84745C8397}"
EndProject
Project("{FAE04EC0-301F-11D3-BF4B-00C04F79EFBC}") = "WindowsService.FileProcess2", "WindowsService.FileProcess2\WindowsService.FileProcess2.csproj", "{D82E7F8B-02E4-4F72-BC5F-BBB6D499BAF9}"
EndProject
Project("{FAE04EC0-301F-11D3-BF4B-00C04F79EFBC}") = "WindowsService.FileProcess3", "WindowsService.FileProcess3\WindowsService.FileProcess3.csproj", "{596D755C-4B83-4CDC-94AA-7FBEC4BAE6B8}"
EndProject
Global
	GlobalSection(SolutionConfigurationPlatforms) = preSolution
		Debug|Any CPU = Debug|Any CPU
		Release|Any CPU = Release|Any CPU
	EndGlobalSection
	GlobalSection(ProjectConfigurationPlatforms) = postSolution
		{3D539677-AA68-4992-989B-39EB54925959}.Debug|Any CPU.ActiveCfg = Debug|Any CPU
		{3D539677-AA68-4992-989B-39EB54925959}.Debug|Any CPU.Build.0 = Debug|Any CPU
		{3D539677-AA68-4992-989B-39EB54925959}.Release|Any CPU.ActiveCfg = Release|Any CPU
		{3D539677-AA68-4992-989B-39EB54925959}.Release|Any CPU.Build.0 = Release|Any CPU
		{EEDA7EA1-13B7-4DC1-8F5B-0978BD1AA10A}.Debug|Any CPU.ActiveCfg = Debug|Any CPU
		{EEDA7EA1-13B7-4DC1-8F5B-0978BD1AA10A}.Debug|Any CPU.Build.0 = Debug|Any CPU
		{EEDA7EA1-13B7-4DC1-8F5B-0978BD1AA10A}.Release|Any CPU.ActiveCfg = Release|Any CPU
		{EEDA7EA1-13B7-4DC1-8F5B-0978BD1AA10A}.Release|Any CPU.Build.0 = Release|Any CPU
		{01763173-C00B-4C37-A63A-0ED16FA996C7}.Debug|Any CPU.ActiveCfg = Debug|Any CPU
		{01763173-C00B-4C37-A63A-0ED16FA996C7}.Debug|Any CPU.Build.0 = Debug|Any CPU
		{01763173-C00B-4C37-A63A-0ED16FA996C7}.Release|Any CPU.ActiveCfg = Release|Any CPU
		{01763173-C00B-4C37-A63A-0ED16FA996C7}.Release|Any CPU.Build.0 = Release|Any CPU
		{7C03170A-797E-42AD-B898-0025158622AB}.Debug|Any CPU.ActiveCfg = Debug|Any CPU
		{7C03170A-797E-42AD-B898-0025158622AB}.Debug|Any CPU.Build.0 = Debug|Any CPU
		{7C03170A-797E-42AD-B898-0025158622AB}.Release|Any CPU.ActiveCfg = Release|Any CPU
		{7C03170A-797E-42AD-B898-0025158622AB}.Release|Any CPU.Build.0 = Release|Any CPU
		{5BEB04DD-C60F-4E49-AEDC-A71194DFADE2}.Debug|Any CPU.ActiveCfg = Debug|Any CPU
		{5BEB04DD-C60F-4E49-AEDC-A71194DFADE2}.Debug|Any CPU.Build.0 = Debug|Any CPU
		{5BEB04DD-C60F-4E49-AEDC-A71194DFADE2}.Release|Any CPU.ActiveCfg = Release|Any CPU
		{5BEB04DD-C60F-4E49-AEDC-A71194DFADE2}.Release|Any CPU.Build.0 = Release|Any CPU
		{5A40F80A-5716-465B-B793-EB8011DED7D5}.Debug|Any CPU.ActiveCfg = Debug|Any CPU
		{5A40F80A-5716-465B-B793-EB8011DED7D5}.Debug|Any CPU.Build.0 = Debug|Any CPU
		{5A40F80A-5716-465B-B793-EB8011DED7D5}.Release|Any CPU.ActiveCfg = Release|Any CPU
		{5A40F80A-5716-465B-B793-EB8011DED7D5}.Release|Any CPU.Build.0 = Release|Any CPU
		{51E0BDB9-44CE-4A3A-A27E-1DFD6805E965}.Debug|Any CPU.ActiveCfg = Debug|Any CPU
		{51E0BDB9-44CE-4A3A-A27E-1DFD6805E965}.Debug|Any CPU.Build.0 = Debug|Any CPU
		{51E0BDB9-44CE-4A3A-A27E-1DFD6805E965}.Release|Any CPU.ActiveCfg = Release|Any CPU
		{51E0BDB9-44CE-4A3A-A27E-1DFD6805E965}.Release|Any CPU.Build.0 = Release|Any CPU
		{C1FBC5C3-9218-464D-8517-29E5BAEC2F8E}.Debug|Any CPU.ActiveCfg = Debug|Any CPU
		{C1FBC5C3-9218-464D-8517-29E5BAEC2F8E}.Debug|Any CPU.Build.0 = Debug|Any CPU
		{C1FBC5C3-9218-464D-8517-29E5BAEC2F8E}.Release|Any CPU.ActiveCfg = Release|Any CPU
		{C1FBC5C3-9218-464D-8517-29E5BAEC2F8E}.Release|Any CPU.Build.0 = Release|Any CPU
		{0CEBCF29-BF4D-44F0-9BBF-EAC0DD9B952B}.Debug|Any CPU.ActiveCfg = Debug|Any CPU
		{0CEBCF29-BF4D-44F0-9BBF-EAC0DD9B952B}.Debug|Any CPU.Build.0 = Debug|Any CPU
		{0CEBCF29-BF4D-44F0-9BBF-EAC0DD9B952B}.Release|Any CPU.ActiveCfg = Release|Any CPU
		{0CEBCF29-BF4D-44F0-9BBF-EAC0DD9B952B}.Release|Any CPU.Build.0 = Release|Any CPU
		{8D517F9A-E847-4327-8245-EB15C592633D}.Debug|Any CPU.ActiveCfg = Debug|Any CPU
		{8D517F9A-E847-4327-8245-EB15C592633D}.Debug|Any CPU.Build.0 = Debug|Any CPU
		{8D517F9A-E847-4327-8245-EB15C592633D}.Release|Any CPU.ActiveCfg = Release|Any CPU
		{8D517F9A-E847-4327-8245-EB15C592633D}.Release|Any CPU.Build.0 = Release|Any CPU
		{33A1FF4A-A599-48BA-87E4-796C6D95D11B}.Debug|Any CPU.ActiveCfg = Debug|Any CPU
		{33A1FF4A-A599-48BA-87E4-796C6D95D11B}.Debug|Any CPU.Build.0 = Debug|Any CPU
		{33A1FF4A-A599-48BA-87E4-796C6D95D11B}.Release|Any CPU.ActiveCfg = Release|Any CPU
		{33A1FF4A-A599-48BA-87E4-796C6D95D11B}.Release|Any CPU.Build.0 = Release|Any CPU
		{6BFEF7C0-0FB2-40BF-8EC9-543F4D49BEEC}.Debug|Any CPU.ActiveCfg = Debug|Any CPU
		{6BFEF7C0-0FB2-40BF-8EC9-543F4D49BEEC}.Debug|Any CPU.Build.0 = Debug|Any CPU
		{6BFEF7C0-0FB2-40BF-8EC9-543F4D49BEEC}.Release|Any CPU.ActiveCfg = Release|Any CPU
		{6BFEF7C0-0FB2-40BF-8EC9-543F4D49BEEC}.Release|Any CPU.Build.0 = Release|Any CPU
		{0A7E94E0-5550-4362-8F9A-FA84745C8397}.Debug|Any CPU.ActiveCfg = Debug|Any CPU
		{0A7E94E0-5550-4362-8F9A-FA84745C8397}.Debug|Any CPU.Build.0 = Debug|Any CPU
		{0A7E94E0-5550-4362-8F9A-FA84745C8397}.Release|Any CPU.ActiveCfg = Release|Any CPU
		{0A7E94E0-5550-4362-8F9A-FA84745C8397}.Release|Any CPU.Build.0 = Release|Any CPU
		{D82E7F8B-02E4-4F72-BC5F-BBB6D499BAF9}.Debug|Any CPU.ActiveCfg = Debug|Any CPU
		{D82E7F8B-02E4-4F72-BC5F-BBB6D499BAF9}.Debug|Any CPU.Build.0 = Debug|Any CPU
		{D82E7F8B-02E4-4F72-BC5F-BBB6D499BAF9}.Release|Any CPU.ActiveCfg = Release|Any CPU
		{D82E7F8B-02E4-4F72-BC5F-BBB6D499BAF9}.Release|Any CPU.Build.0 = Release|Any CPU
		{596D755C-4B83-4CDC-94AA-7FBEC4BAE6B8}.Debug|Any CPU.ActiveCfg = Debug|Any CPU
		{596D755C-4B83-4CDC-94AA-7FBEC4BAE6B8}.Debug|Any CPU.Build.0 = Debug|Any CPU
		{596D755C-4B83-4CDC-94AA-7FBEC4BAE6B8}.Release|Any CPU.ActiveCfg = Release|Any CPU
		{596D755C-4B83-4CDC-94AA-7FBEC4BAE6B8}.Release|Any CPU.Build.0 = Release|Any CPU
	EndGlobalSection
	GlobalSection(SolutionProperties) = preSolution
		HideSolutionNode = FALSE
	EndGlobalSection
	GlobalSection(NestedProjects) = preSolution
		{3D539677-AA68-4992-989B-39EB54925959} = {45B1DD7C-5BC3-4D25-8009-9B78C27EE591}
		{EEDA7EA1-13B7-4DC1-8F5B-0978BD1AA10A} = {45B1DD7C-5BC3-4D25-8009-9B78C27EE591}
		{45B1DD7C-5BC3-4D25-8009-9B78C27EE591} = {F53A0B21-70D6-4FA4-B4C1-580EB76CC821}
		{6BC84423-71B5-465D-9075-37D0BC4A2506} = {F53A0B21-70D6-4FA4-B4C1-580EB76CC821}
		{01763173-C00B-4C37-A63A-0ED16FA996C7} = {6BC84423-71B5-465D-9075-37D0BC4A2506}
		{7C03170A-797E-42AD-B898-0025158622AB} = {6BC84423-71B5-465D-9075-37D0BC4A2506}
		{5BEB04DD-C60F-4E49-AEDC-A71194DFADE2} = {FD3355F4-10BE-486B-81FD-C2252305623F}
		{5A40F80A-5716-465B-B793-EB8011DED7D5} = {FD3355F4-10BE-486B-81FD-C2252305623F}
		{51E0BDB9-44CE-4A3A-A27E-1DFD6805E965} = {FD3355F4-10BE-486B-81FD-C2252305623F}
		{C1FBC5C3-9218-464D-8517-29E5BAEC2F8E} = {F53A0B21-70D6-4FA4-B4C1-580EB76CC821}
		{0CEBCF29-BF4D-44F0-9BBF-EAC0DD9B952B} = {F53A0B21-70D6-4FA4-B4C1-580EB76CC821}
		{8D517F9A-E847-4327-8245-EB15C592633D} = {942426B2-D0BC-4728-AA02-723EF95D1F8A}
		{33A1FF4A-A599-48BA-87E4-796C6D95D11B} = {942426B2-D0BC-4728-AA02-723EF95D1F8A}
		{6BFEF7C0-0FB2-40BF-8EC9-543F4D49BEEC} = {942426B2-D0BC-4728-AA02-723EF95D1F8A}
		{942426B2-D0BC-4728-AA02-723EF95D1F8A} = {E0BBE853-16EA-4EE9-856E-5AFD42A514E5}
		{B11EA8AA-1DC0-4A2D-AE46-5B875BD58ADA} = {E0BBE853-16EA-4EE9-856E-5AFD42A514E5}
		{0A7E94E0-5550-4362-8F9A-FA84745C8397} = {B11EA8AA-1DC0-4A2D-AE46-5B875BD58ADA}
		{D82E7F8B-02E4-4F72-BC5F-BBB6D499BAF9} = {B11EA8AA-1DC0-4A2D-AE46-5B875BD58ADA}
		{596D755C-4B83-4CDC-94AA-7FBEC4BAE6B8} = {B11EA8AA-1DC0-4A2D-AE46-5B875BD58ADA}
	EndGlobalSection
	GlobalSection(ExtensibilityGlobals) = postSolution
		SolutionGuid = {AA8B9413-EA29-4B1E-87CC-3CFF5857F79F}
	EndGlobalSection
EndGlobal
